
Microsoft Visual Studio Solution File, Format Version 12.00
# Visual Studio Version 16
VisualStudioVersion = 16.0.30907.101
MinimumVisualStudioVersion = 10.0.40219.1
Project("{FAE04EC0-301F-11D3-BF4B-00C04F79EFBC}") = "B10756051_0328", "B10756051_0328\B10756051_0328.csproj", "{D0E9B467-E25B-4365-B204-383D582AEE8B}"
EndProject
Global
	GlobalSection(SolutionConfigurationPlatforms) = preSolution
		Debug|Any CPU = Debug|Any CPU
		Release|Any CPU = Release|Any CPU
	EndGlobalSection
	GlobalSection(ProjectConfigurationPlatforms) = postSolution
		{D0E9B467-E25B-4365-B204-383D582AEE8B}.Debug|Any CPU.ActiveCfg = Debug|Any CPU
		{D0E9B467-E25B-4365-B204-383D582AEE8B}.Debug|Any CPU.Build.0 = Debug|Any CPU
		{D0E9B467-E25B-4365-B204-383D582AEE8B}.Release|Any CPU.ActiveCfg = Release|Any CPU
		{D0E9B467-E25B-4365-B204-383D582AEE8B}.Release|Any CPU.Build.0 = Release|Any CPU
	EndGlobalSection
	GlobalSection(SolutionProperties) = preSolution
		HideSolutionNode = FALSE
	EndGlobalSection
	GlobalSection(ExtensibilityGlobals) = postSolution
		SolutionGuid = {97525D89-1692-4ED9-ACFA-4F8C2C6EEEE5}
	EndGlobalSection
EndGlobal
